// !$*UTF8*$!
{
	archiveVersion = 1;
	classes = {
	};
	objectVersion = 56;
	objects = {

/* Begin PBXBuildFile section */
		714BB7C32A50715500A8B25F /* AppDelegate.swift in Sources */ = {isa = PBXBuildFile; fileRef = 714BB7C22A50715500A8B25F /* AppDelegate.swift */; };
		714BB7C52A50715500A8B25F /* SceneDelegate.swift in Sources */ = {isa = PBXBuildFile; fileRef = 714BB7C42A50715500A8B25F /* SceneDelegate.swift */; };
		714BB7C72A50715500A8B25F /* ViewController.swift in Sources */ = {isa = PBXBuildFile; fileRef = 714BB7C62A50715500A8B25F /* ViewController.swift */; };
		714BB7CA2A50715500A8B25F /* Main.storyboard in Resources */ = {isa = PBXBuildFile; fileRef = 714BB7C82A50715500A8B25F /* Main.storyboard */; };
		714BB7CC2A50715600A8B25F /* Assets.xcassets in Resources */ = {isa = PBXBuildFile; fileRef = 714BB7CB2A50715600A8B25F /* Assets.xcassets */; };
		714BB7CF2A50715600A8B25F /* LaunchScreen.storyboard in Resources */ = {isa = PBXBuildFile; fileRef = 714BB7CD2A50715600A8B25F /* LaunchScreen.storyboard */; };
		714BB7D72A50723A00A8B25F /* PersonTableViewCell.swift in Sources */ = {isa = PBXBuildFile; fileRef = 714BB7D62A50723A00A8B25F /* PersonTableViewCell.swift */; };
		714BB7D92A50741800A8B25F /* AddPersonViewController.swift in Sources */ = {isa = PBXBuildFile; fileRef = 714BB7D82A50741800A8B25F /* AddPersonViewController.swift */; };
		714BB7DB2A50743600A8B25F /* UpdatePersonViewController.swift in Sources */ = {isa = PBXBuildFile; fileRef = 714BB7DA2A50743600A8B25F /* UpdatePersonViewController.swift */; };
		714BB7DD2A50745700A8B25F /* DetailPersonViewController.swift in Sources */ = {isa = PBXBuildFile; fileRef = 714BB7DC2A50745700A8B25F /* DetailPersonViewController.swift */; };
		714BB7E02A507EBF00A8B25F /* FriendList.xcdatamodeld in Sources */ = {isa = PBXBuildFile; fileRef = 714BB7DE2A507EBF00A8B25F /* FriendList.xcdatamodeld */; };
/* End PBXBuildFile section */

/* Begin PBXFileReference section */
		714BB7BF2A50715500A8B25F /* FriendList.app */ = {isa = PBXFileReference; explicitFileType = wrapper.application; includeInIndex = 0; path = FriendList.app; sourceTree = BUILT_PRODUCTS_DIR; };
		714BB7C22A50715500A8B25F /* AppDelegate.swift */ = {isa = PBXFileReference; lastKnownFileType = sourcecode.swift; path = AppDelegate.swift; sourceTree = "<group>"; };
		714BB7C42A50715500A8B25F /* SceneDelegate.swift */ = {isa = PBXFileReference; lastKnownFileType = sourcecode.swift; path = SceneDelegate.swift; sourceTree = "<group>"; };
		714BB7C62A50715500A8B25F /* ViewController.swift */ = {isa = PBXFileReference; lastKnownFileType = sourcecode.swift; path = ViewController.swift; sourceTree = "<group>"; };
		714BB7C92A50715500A8B25F /* Base */ = {isa = PBXFileReference; lastKnownFileType = file.storyboard; name = Base; path = Base.lproj/Main.storyboard; sourceTree = "<group>"; };
		714BB7CB2A50715600A8B25F /* Assets.xcassets */ = {isa = PBXFileReference; lastKnownFileType = folder.assetcatalog; path = Assets.xcassets; sourceTree = "<group>"; };
		714BB7CE2A50715600A8B25F /* Base */ = {isa = PBXFileReference; lastKnownFileType = file.storyboard; name = Base; path = Base.lproj/LaunchScreen.storyboard; sourceTree = "<group>"; };
		714BB7D02A50715600A8B25F /* Info.plist */ = {isa = PBXFileReference; lastKnownFileType = text.plist.xml; path = Info.plist; sourceTree = "<group>"; };
		714BB7D62A50723A00A8B25F /* PersonTableViewCell.swift */ = {isa = PBXFileReference; lastKnownFileType = sourcecode.swift; path = PersonTableViewCell.swift; sourceTree = "<group>"; };
		714BB7D82A50741800A8B25F /* AddPersonViewController.swift */ = {isa = PBXFileReference; lastKnownFileType = sourcecode.swift; path = AddPersonViewController.swift; sourceTree = "<group>"; };
		714BB7DA2A50743600A8B25F /* UpdatePersonViewController.swift */ = {isa = PBXFileReference; lastKnownFileType = sourcecode.swift; path = UpdatePersonViewController.swift; sourceTree = "<group>"; };
		714BB7DC2A50745700A8B25F /* DetailPersonViewController.swift */ = {isa = PBXFileReference; lastKnownFileType = sourcecode.swift; path = DetailPersonViewController.swift; sourceTree = "<group>"; };
		714BB7DF2A507EBF00A8B25F /* FriendList.xcdatamodel */ = {isa = PBXFileReference; lastKnownFileType = wrapper.xcdatamodel; path = FriendList.xcdatamodel; sourceTree = "<group>"; };
/* End PBXFileReference section */

/* Begin PBXFrameworksBuildPhase section */
		714BB7BC2A50715500A8B25F /* Frameworks */ = {
			isa = PBXFrameworksBuildPhase;
			buildActionMask = 2147483647;
			files = (
			);
			runOnlyForDeploymentPostprocessing = 0;
		};
/* End PBXFrameworksBuildPhase section */

/* Begin PBXGroup section */
		714BB7B62A50715500A8B25F = {
			isa = PBXGroup;
			children = (
				714BB7C12A50715500A8B25F /* FriendList */,
				714BB7C02A50715500A8B25F /* Products */,
			);
			sourceTree = "<group>";
		};
		714BB7C02A50715500A8B25F /* Products */ = {
			isa = PBXGroup;
			children = (
				714BB7BF2A50715500A8B25F /* FriendList.app */,
			);
			name = Products;
			sourceTree = "<group>";
		};
		714BB7C12A50715500A8B25F /* FriendList */ = {
			isa = PBXGroup;
			children = (
				714BB7C22A50715500A8B25F /* AppDelegate.swift */,
				714BB7C42A50715500A8B25F /* SceneDelegate.swift */,
				714BB7C62A50715500A8B25F /* ViewController.swift */,
				714BB7D82A50741800A8B25F /* AddPersonViewController.swift */,
				714BB7DA2A50743600A8B25F /* UpdatePersonViewController.swift */,
				714BB7DC2A50745700A8B25F /* DetailPersonViewController.swift */,
				714BB7D62A50723A00A8B25F /* PersonTableViewCell.swift */,
				714BB7C82A50715500A8B25F /* Main.storyboard */,
				714BB7DE2A507EBF00A8B25F /* FriendList.xcdatamodeld */,
				714BB7CB2A50715600A8B25F /* Assets.xcassets */,
				714BB7CD2A50715600A8B25F /* LaunchScreen.storyboard */,
				714BB7D02A50715600A8B25F /* Info.plist */,
			);
			path = FriendList;
			sourceTree = "<group>";
		};
/* End PBXGroup section */

/* Begin PBXNativeTarget section */
		714BB7BE2A50715500A8B25F /* FriendList */ = {
			isa = PBXNativeTarget;
			buildConfigurationList = 714BB7D32A50715600A8B25F /* Build configuration list for PBXNativeTarget "FriendList" */;
			buildPhases = (
				714BB7BB2A50715500A8B25F /* Sources */,
				714BB7BC2A50715500A8B25F /* Frameworks */,
				714BB7BD2A50715500A8B25F /* Resources */,
			);
			buildRules = (
			);
			dependencies = (
			);
			name = FriendList;
			productName = FriendList;
			productReference = 714BB7BF2A50715500A8B25F /* FriendList.app */;
			productType = "com.apple.product-type.application";
		};
/* End PBXNativeTarget section */

/* Begin PBXProject section */
		714BB7B72A50715500A8B25F /* Project object */ = {
			isa = PBXProject;
			attributes = {
				BuildIndependentTargetsInParallel = 1;
				LastSwiftUpdateCheck = 1430;
				LastUpgradeCheck = 1430;
				TargetAttributes = {
					714BB7BE2A50715500A8B25F = {
						CreatedOnToolsVersion = 14.3.1;
					};
				};
			};
			buildConfigurationList = 714BB7BA2A50715500A8B25F /* Build configuration list for PBXProject "FriendList" */;
			compatibilityVersion = "Xcode 14.0";
			developmentRegion = en;
			hasScannedForEncodings = 0;
			knownRegions = (
				en,
				Base,
			);
			mainGroup = 714BB7B62A50715500A8B25F;
			productRefGroup = 714BB7C02A50715500A8B25F /* Products */;
			projectDirPath = "";
			projectRoot = "";
			targets = (
				714BB7BE2A50715500A8B25F /* FriendList */,
			);
		};
/* End PBXProject section */

/* Begin PBXResourcesBuildPhase section */
		714BB7BD2A50715500A8B25F /* Resources */ = {
			isa = PBXResourcesBuildPhase;
			buildActionMask = 2147483647;
			files = (
				714BB7CF2A50715600A8B25F /* LaunchScreen.storyboard in Resources */,
				714BB7CC2A50715600A8B25F /* Assets.xcassets in Resources */,
				714BB7CA2A50715500A8B25F /* Main.storyboard in Resources */,
			);
			runOnlyForDeploymentPostprocessing = 0;
		};
/* End PBXResourcesBuildPhase section */

/* Begin PBXSourcesBuildPhase section */
		714BB7BB2A50715500A8B25F /* Sources */ = {
			isa = PBXSourcesBuildPhase;
			buildActionMask = 2147483647;
			files = (
				714BB7C72A50715500A8B25F /* ViewController.swift in Sources */,
				714BB7C32A50715500A8B25F /* AppDelegate.swift in Sources */,
				714BB7D72A50723A00A8B25F /* PersonTableViewCell.swift in Sources */,
				714BB7E02A507EBF00A8B25F /* FriendList.xcdatamodeld in Sources */,
				714BB7C52A50715500A8B25F /* SceneDelegate.swift in Sources */,
				714BB7DD2A50745700A8B25F /* DetailPersonViewController.swift in Sources */,
				714BB7DB2A50743600A8B25F /* UpdatePersonViewController.swift in Sources */,
				714BB7D92A50741800A8B25F /* AddPersonViewController.swift in Sources */,
			);
			runOnlyForDeploymentPostprocessing = 0;
		};
/* End PBXSourcesBuildPhase section */

/* Begin PBXVariantGroup section */
		714BB7C82A50715500A8B25F /* Main.storyboard */ = {
			isa = PBXVariantGroup;
			children = (
				714BB7C92A50715500A8B25F /* Base */,
			);
			name = Main.storyboard;
			sourceTree = "<group>";
		};
		714BB7CD2A50715600A8B25F /* LaunchScreen.storyboard */ = {
			isa = PBXVariantGroup;
			children = (
				714BB7CE2A50715600A8B25F /* Base */,
			);
			name = LaunchScreen.storyboard;
			sourceTree = "<group>";
		};
/* End PBXVariantGroup section */

/* Begin XCBuildConfiguration section */
		714BB7D12A50715600A8B25F /* Debug */ = {
			isa = XCBuildConfiguration;
			buildSettings = {
				ALWAYS_SEARCH_USER_PATHS = NO;
				CLANG_ANALYZER_NONNULL = YES;
				CLANG_ANALYZER_NUMBER_OBJECT_CONVERSION = YES_AGGRESSIVE;
				CLANG_CXX_LANGUAGE_STANDARD = "gnu++20";
				CLANG_ENABLE_MODULES = YES;
				CLANG_ENABLE_OBJC_ARC = YES;
				CLANG_ENABLE_OBJC_WEAK = YES;
				CLANG_WARN_BLOCK_CAPTURE_AUTORELEASING = YES;
				CLANG_WARN_BOOL_CONVERSION = YES;
				CLANG_WARN_COMMA = YES;
				CLANG_WARN_CONSTANT_CONVERSION = YES;
				CLANG_WARN_DEPRECATED_OBJC_IMPLEMENTATIONS = YES;
				CLANG_WARN_DIRECT_OBJC_ISA_USAGE = YES_ERROR;
				CLANG_WARN_DOCUMENTATION_COMMENTS = YES;
				CLANG_WARN_EMPTY_BODY = YES;
				CLANG_WARN_ENUM_CONVERSION = YES;
				CLANG_WARN_INFINITE_RECURSION = YES;
				CLANG_WARN_INT_CONVERSION = YES;
				CLANG_WARN_NON_LITERAL_NULL_CONVERSION = YES;
				CLANG_WARN_OBJC_IMPLICIT_RETAIN_SELF = YES;
				CLANG_WARN_OBJC_LITERAL_CONVERSION = YES;
				CLANG_WARN_OBJC_ROOT_CLASS = YES_ERROR;
				CLANG_WARN_QUOTED_INCLUDE_IN_FRAMEWORK_HEADER = YES;
				CLANG_WARN_RANGE_LOOP_ANALYSIS = YES;
				CLANG_WARN_STRICT_PROTOTYPES = YES;
				CLANG_WARN_SUSPICIOUS_MOVE = YES;
				CLANG_WARN_UNGUARDED_AVAILABILITY = YES_AGGRESSIVE;
				CLANG_WARN_UNREACHABLE_CODE = YES;
				CLANG_WARN__DUPLICATE_METHOD_MATCH = YES;
				COPY_PHASE_STRIP = NO;
				DEBUG_INFORMATION_FORMAT = dwarf;
				ENABLE_STRICT_OBJC_MSGSEND = YES;
				ENABLE_TESTABILITY = YES;
				GCC_C_LANGUAGE_STANDARD = gnu11;
				GCC_DYNAMIC_NO_PIC = NO;
				GCC_NO_COMMON_BLOCKS = YES;
				GCC_OPTIMIZATION_LEVEL = 0;
				GCC_PREPROCESSOR_DEFINITIONS = (
					"DEBUG=1",
					"$(inherited)",
				);
				GCC_WARN_64_TO_32_BIT_CONVERSION = YES;
				GCC_WARN_ABOUT_RETURN_TYPE = YES_ERROR;
				GCC_WARN_UNDECLARED_SELECTOR = YES;
				GCC_WARN_UNINITIALIZED_AUTOS = YES_AGGRESSIVE;
				GCC_WARN_UNUSED_FUNCTION = YES;
				GCC_WARN_UNUSED_VARIABLE = YES;
				IPHONEOS_DEPLOYMENT_TARGET = 16.4;
				MTL_ENABLE_DEBUG_INFO = INCLUDE_SOURCE;
				MTL_FAST_MATH = YES;
				ONLY_ACTIVE_ARCH = YES;
				SDKROOT = iphoneos;
				SWIFT_ACTIVE_COMPILATION_CONDITIONS = DEBUG;
				SWIFT_OPTIMIZATION_LEVEL = "-Onone";
			};
			name = Debug;
		};
		714BB7D22A50715600A8B25F /* Release */ = {
			isa = XCBuildConfiguration;
			buildSettings = {
				ALWAYS_SEARCH_USER_PATHS = NO;
				CLANG_ANALYZER_NONNULL = YES;
				CLANG_ANALYZER_NUMBER_OBJECT_CONVERSION = YES_AGGRESSIVE;
				CLANG_CXX_LANGUAGE_STANDARD = "gnu++20";
				CLANG_ENABLE_MODULES = YES;
				CLANG_ENABLE_OBJC_ARC = YES;
				CLANG_ENABLE_OBJC_WEAK = YES;
				CLANG_WARN_BLOCK_CAPTURE_AUTORELEASING = YES;
				CLANG_WARN_BOOL_CONVERSION = YES;
				CLANG_WARN_COMMA = YES;
				CLANG_WARN_CONSTANT_CONVERSION = YES;
				CLANG_WARN_DEPRECATED_OBJC_IMPLEMENTATIONS = YES;
				CLANG_WARN_DIRECT_OBJC_ISA_USAGE = YES_ERROR;
				CLANG_WARN_DOCUMENTATION_COMMENTS = YES;
				CLANG_WARN_EMPTY_BODY = YES;
				CLANG_WARN_ENUM_CONVERSION = YES;
				CLANG_WARN_INFINITE_RECURSION = YES;
				CLANG_WARN_INT_CONVERSION = YES;
				CLANG_WARN_NON_LITERAL_NULL_CONVERSION = YES;
				CLANG_WARN_OBJC_IMPLICIT_RETAIN_SELF = YES;
				CLANG_WARN_OBJC_LITERAL_CONVERSION = YES;
				CLANG_WARN_OBJC_ROOT_CLASS = YES_ERROR;
				CLANG_WARN_QUOTED_INCLUDE_IN_FRAMEWORK_HEADER = YES;
				CLANG_WARN_RANGE_LOOP_ANALYSIS = YES;
				CLANG_WARN_STRICT_PROTOTYPES = YES;
				CLANG_WARN_SUSPICIOUS_MOVE = YES;
				CLANG_WARN_UNGUARDED_AVAILABILITY = YES_AGGRESSIVE;
				CLANG_WARN_UNREACHABLE_CODE = YES;
				CLANG_WARN__DUPLICATE_METHOD_MATCH = YES;
				COPY_PHASE_STRIP = NO;
				DEBUG_INFORMATION_FORMAT = "dwarf-with-dsym";
				ENABLE_NS_ASSERTIONS = NO;
				ENABLE_STRICT_OBJC_MSGSEND = YES;
				GCC_C_LANGUAGE_STANDARD = gnu11;
				GCC_NO_COMMON_BLOCKS = YES;
				GCC_WARN_64_TO_32_BIT_CONVERSION = YES;
				GCC_WARN_ABOUT_RETURN_TYPE = YES_ERROR;
				GCC_WARN_UNDECLARED_SELECTOR = YES;
				GCC_WARN_UNINITIALIZED_AUTOS = YES_AGGRESSIVE;
				GCC_WARN_UNUSED_FUNCTION = YES;
				GCC_WARN_UNUSED_VARIABLE = YES;
				IPHONEOS_DEPLOYMENT_TARGET = 16.4;
				MTL_ENABLE_DEBUG_INFO = NO;
				MTL_FAST_MATH = YES;
				SDKROOT = iphoneos;
				SWIFT_COMPILATION_MODE = wholemodule;
				SWIFT_OPTIMIZATION_LEVEL = "-O";
				VALIDATE_PRODUCT = YES;
			};
			name = Release;
		};
		714BB7D42A50715600A8B25F /* Debug */ = {
			isa = XCBuildConfiguration;
			buildSettings = {
				ASSETCATALOG_COMPILER_APPICON_NAME = AppIcon;
				ASSETCATALOG_COMPILER_GLOBAL_ACCENT_COLOR_NAME = AccentColor;
				CODE_SIGN_STYLE = Automatic;
				CURRENT_PROJECT_VERSION = 1;
				GENERATE_INFOPLIST_FILE = YES;
				INFOPLIST_FILE = FriendList/Info.plist;
				INFOPLIST_KEY_UIApplicationSupportsIndirectInputEvents = YES;
				INFOPLIST_KEY_UILaunchStoryboardName = LaunchScreen;
				INFOPLIST_KEY_UIMainStoryboardFile = Main;
				INFOPLIST_KEY_UISupportedInterfaceOrientations_iPad = "UIInterfaceOrientationPortrait UIInterfaceOrientationPortraitUpsideDown UIInterfaceOrientationLandscapeLeft UIInterfaceOrientationLandscapeRight";
				INFOPLIST_KEY_UISupportedInterfaceOrientations_iPhone = "UIInterfaceOrientationPortrait UIInterfaceOrientationLandscapeLeft UIInterfaceOrientationLandscapeRight";
				LD_RUNPATH_SEARCH_PATHS = (
					"$(inherited)",
					"@executable_path/Frameworks",
				);
				MARKETING_VERSION = 1.0;
				PRODUCT_BUNDLE_IDENTIFIER = com.utkuguzel.FriendList;
				PRODUCT_NAME = "$(TARGET_NAME)";
				SWIFT_EMIT_LOC_STRINGS = YES;
				SWIFT_VERSION = 5.0;
				TARGETED_DEVICE_FAMILY = "1,2";
			};
			name = Debug;
		};
		714BB7D52A50715600A8B25F /* Release */ = {
			isa = XCBuildConfiguration;
			buildSettings = {
				ASSETCATALOG_COMPILER_APPICON_NAME = AppIcon;
				ASSETCATALOG_COMPILER_GLOBAL_ACCENT_COLOR_NAME = AccentColor;
				CODE_SIGN_STYLE = Automatic;
				CURRENT_PROJECT_VERSION = 1;
				GENERATE_INFOPLIST_FILE = YES;
				INFOPLIST_FILE = FriendList/Info.plist;
				INFOPLIST_KEY_UIApplicationSupportsIndirectInputEvents = YES;
				INFOPLIST_KEY_UILaunchStoryboardName = LaunchScreen;
				INFOPLIST_KEY_UIMainStoryboardFile = Main;
				INFOPLIST_KEY_UISupportedInterfaceOrientations_iPad = "UIInterfaceOrientationPortrait UIInterfaceOrientationPortraitUpsideDown UIInterfaceOrientationLandscapeLeft UIInterfaceOrientationLandscapeRight";
				INFOPLIST_KEY_UISupportedInterfaceOrientations_iPhone = "UIInterfaceOrientationPortrait UIInterfaceOrientationLandscapeLeft UIInterfaceOrientationLandscapeRight";
				LD_RUNPATH_SEARCH_PATHS = (
					"$(inherited)",
					"@executable_path/Frameworks",
				);
				MARKETING_VERSION = 1.0;
				PRODUCT_BUNDLE_IDENTIFIER = com.utkuguzel.FriendList;
				PRODUCT_NAME = "$(TARGET_NAME)";
				SWIFT_EMIT_LOC_STRINGS = YES;
				SWIFT_VERSION = 5.0;
				TARGETED_DEVICE_FAMILY = "1,2";
			};
			name = Release;
		};
/* End XCBuildConfiguration section */

/* Begin XCConfigurationList section */
		714BB7BA2A50715500A8B25F /* Build configuration list for PBXProject "FriendList" */ = {
			isa = XCConfigurationList;
			buildConfigurations = (
				714BB7D12A50715600A8B25F /* Debug */,
				714BB7D22A50715600A8B25F /* Release */,
			);
			defaultConfigurationIsVisible = 0;
			defaultConfigurationName = Release;
		};
		714BB7D32A50715600A8B25F /* Build configuration list for PBXNativeTarget "FriendList" */ = {
			isa = XCConfigurationList;
			buildConfigurations = (
				714BB7D42A50715600A8B25F /* Debug */,
				714BB7D52A50715600A8B25F /* Release */,
			);
			defaultConfigurationIsVisible = 0;
			defaultConfigurationName = Release;
		};
/* End XCConfigurationList section */

/* Begin XCVersionGroup section */
		714BB7DE2A507EBF00A8B25F /* FriendList.xcdatamodeld */ = {
			isa = XCVersionGroup;
			children = (
				714BB7DF2A507EBF00A8B25F /* FriendList.xcdatamodel */,
			);
			currentVersion = 714BB7DF2A507EBF00A8B25F /* FriendList.xcdatamodel */;
			path = FriendList.xcdatamodeld;
			sourceTree = "<group>";
			versionGroupType = wrapper.xcdatamodel;
		};
/* End XCVersionGroup section */
	};
	rootObject = 714BB7B72A50715500A8B25F /* Project object */;
}
